
Microsoft Visual Studio Solution File, Format Version 12.00
# Visual Studio Version 16
VisualStudioVersion = 25.0.1706.14
MinimumVisualStudioVersion = 10.0.40219.1
Project("{FAE04EC0-301F-11D3-BF4B-00C04F79EFBC}") = "Week 4- Loops", "Week 4- Loops\Week 4- Loops.csproj", "{E5754C68-8E28-4927-940F-C496F2542615}"
EndProject
Project("{FAE04EC0-301F-11D3-BF4B-00C04F79EFBC}") = "ForLoop", "ForLoop\ForLoop.csproj", "{CFF2C54F-391F-4544-A7F5-67CD3E723063}"
EndProject
Project("{FAE04EC0-301F-11D3-BF4B-00C04F79EFBC}") = "RandomNumber", "RandomNumber\RandomNumber.csproj", "{C23D1E14-A887-49C3-8203-AEC0A84C69D5}"
EndProject
Project("{FAE04EC0-301F-11D3-BF4B-00C04F79EFBC}") = "WhileLoops", "WhileLoops\WhileLoops.csproj", "{B1B7FAB3-FCFE-40EB-A7EB-398703ACBA23}"
EndProject
Project("{FAE04EC0-301F-11D3-BF4B-00C04F79EFBC}") = "test", "test\test.csproj", "{A4621FF3-1B60-4041-9D7C-2A38BEACBF6F}"
EndProject
Global
	GlobalSection(SolutionConfigurationPlatforms) = preSolution
		Debug|Any CPU = Debug|Any CPU
		Release|Any CPU = Release|Any CPU
	EndGlobalSection
	GlobalSection(ProjectConfigurationPlatforms) = postSolution
		{E5754C68-8E28-4927-940F-C496F2542615}.Debug|Any CPU.ActiveCfg = Debug|Any CPU
		{E5754C68-8E28-4927-940F-C496F2542615}.Debug|Any CPU.Build.0 = Debug|Any CPU
		{E5754C68-8E28-4927-940F-C496F2542615}.Release|Any CPU.ActiveCfg = Release|Any CPU
		{E5754C68-8E28-4927-940F-C496F2542615}.Release|Any CPU.Build.0 = Release|Any CPU
		{CFF2C54F-391F-4544-A7F5-67CD3E723063}.Debug|Any CPU.ActiveCfg = Debug|Any CPU
		{CFF2C54F-391F-4544-A7F5-67CD3E723063}.Debug|Any CPU.Build.0 = Debug|Any CPU
		{CFF2C54F-391F-4544-A7F5-67CD3E723063}.Release|Any CPU.ActiveCfg = Release|Any CPU
		{CFF2C54F-391F-4544-A7F5-67CD3E723063}.Release|Any CPU.Build.0 = Release|Any CPU
		{C23D1E14-A887-49C3-8203-AEC0A84C69D5}.Debug|Any CPU.ActiveCfg = Debug|Any CPU
		{C23D1E14-A887-49C3-8203-AEC0A84C69D5}.Debug|Any CPU.Build.0 = Debug|Any CPU
		{C23D1E14-A887-49C3-8203-AEC0A84C69D5}.Release|Any CPU.ActiveCfg = Release|Any CPU
		{C23D1E14-A887-49C3-8203-AEC0A84C69D5}.Release|Any CPU.Build.0 = Release|Any CPU
		{B1B7FAB3-FCFE-40EB-A7EB-398703ACBA23}.Debug|Any CPU.ActiveCfg = Debug|Any CPU
		{B1B7FAB3-FCFE-40EB-A7EB-398703ACBA23}.Debug|Any CPU.Build.0 = Debug|Any CPU
		{B1B7FAB3-FCFE-40EB-A7EB-398703ACBA23}.Release|Any CPU.ActiveCfg = Release|Any CPU
		{B1B7FAB3-FCFE-40EB-A7EB-398703ACBA23}.Release|Any CPU.Build.0 = Release|Any CPU
		{A4621FF3-1B60-4041-9D7C-2A38BEACBF6F}.Debug|Any CPU.ActiveCfg = Debug|Any CPU
		{A4621FF3-1B60-4041-9D7C-2A38BEACBF6F}.Debug|Any CPU.Build.0 = Debug|Any CPU
		{A4621FF3-1B60-4041-9D7C-2A38BEACBF6F}.Release|Any CPU.ActiveCfg = Release|Any CPU
		{A4621FF3-1B60-4041-9D7C-2A38BEACBF6F}.Release|Any CPU.Build.0 = Release|Any CPU
	EndGlobalSection
	GlobalSection(SolutionProperties) = preSolution
		HideSolutionNode = FALSE
	EndGlobalSection
	GlobalSection(ExtensibilityGlobals) = postSolution
		SolutionGuid = {477871E0-DD1C-4399-A9A0-401170BD6D37}
	EndGlobalSection
EndGlobal
